// !$*UTF8*$!
{
	archiveVersion = 1;
	classes = {
	};
	objectVersion = 46;
	objects = {

/* Begin PBXBuildFile section */
		50AB975AD4E5F40DED68642C /* Pods_FunPrototype.framework in Frameworks */ = {isa = PBXBuildFile; fileRef = 8575CBC00D578C3586FA3A83 /* Pods_FunPrototype.framework */; };
		5C3EDC6F1DAE3DA900986F3F /* Pods_FunPrototype.framework in Frameworks */ = {isa = PBXBuildFile; fileRef = 5C3EDC6E1DAE3DA900986F3F /* Pods_FunPrototype.framework */; };
		5C778DD81DACDE4C00642146 /* AppDelegate.swift in Sources */ = {isa = PBXBuildFile; fileRef = 5C778DD71DACDE4C00642146 /* AppDelegate.swift */; };
		5C778DDA1DACDE4C00642146 /* ViewController.swift in Sources */ = {isa = PBXBuildFile; fileRef = 5C778DD91DACDE4C00642146 /* ViewController.swift */; };
		5C778DDD1DACDE4C00642146 /* Main.storyboard in Resources */ = {isa = PBXBuildFile; fileRef = 5C778DDB1DACDE4C00642146 /* Main.storyboard */; };
		5C778DDF1DACDE4C00642146 /* Assets.xcassets in Resources */ = {isa = PBXBuildFile; fileRef = 5C778DDE1DACDE4C00642146 /* Assets.xcassets */; };
		5C778DE21DACDE4C00642146 /* LaunchScreen.storyboard in Resources */ = {isa = PBXBuildFile; fileRef = 5C778DE01DACDE4C00642146 /* LaunchScreen.storyboard */; };
		5CAFFCD51DACEAC7004502AA /* FunPrototypeTests.swift in Sources */ = {isa = PBXBuildFile; fileRef = 5CAFFCD41DACEAC7004502AA /* FunPrototypeTests.swift */; };
		5CAFFCDD1DACF620004502AA /* NetworkAPI.swift in Sources */ = {isa = PBXBuildFile; fileRef = 5CAFFCDC1DACF620004502AA /* NetworkAPI.swift */; };
		7EF9076BE6F6B0E935B11457 /* Pods_FunPrototypeTests.framework in Frameworks */ = {isa = PBXBuildFile; fileRef = C709D027CBE50E488D884517 /* Pods_FunPrototypeTests.framework */; };
		B4131F49CD6CCE6F0A194198 /* Pods_FunPrototype.framework in Frameworks */ = {isa = PBXBuildFile; fileRef = C977309D963B285BE16E29F2 /* Pods_FunPrototype.framework */; };
/* End PBXBuildFile section */

/* Begin PBXContainerItemProxy section */
		5CAFFCD71DACEAC7004502AA /* PBXContainerItemProxy */ = {
			isa = PBXContainerItemProxy;
			containerPortal = 5C778DCC1DACDE4C00642146 /* Project object */;
			proxyType = 1;
			remoteGlobalIDString = 5C778DD31DACDE4C00642146;
			remoteInfo = FunPrototype;
		};
/* End PBXContainerItemProxy section */

/* Begin PBXFileReference section */
		0CF5CA79AFF6FF956F7975B4 /* Pods-FunPrototypeTests.debug.xcconfig */ = {isa = PBXFileReference; includeInIndex = 1; lastKnownFileType = text.xcconfig; name = "Pods-FunPrototypeTests.debug.xcconfig"; path = "Pods/Target Support Files/Pods-FunPrototypeTests/Pods-FunPrototypeTests.debug.xcconfig"; sourceTree = "<group>"; };
		5C3EDC6E1DAE3DA900986F3F /* Pods_FunPrototype.framework */ = {isa = PBXFileReference; lastKnownFileType = wrapper.framework; name = Pods_FunPrototype.framework; path = "../../Library/Developer/Xcode/DerivedData/FunPrototype-bnjsahjqujjgqqgjfugtjwkplvof/Build/Products/Debug-iphonesimulator/Pods_FunPrototype.framework"; sourceTree = "<group>"; };
		5C778DD41DACDE4C00642146 /* FunPrototype.app */ = {isa = PBXFileReference; explicitFileType = wrapper.application; includeInIndex = 0; path = FunPrototype.app; sourceTree = BUILT_PRODUCTS_DIR; };
		5C778DD71DACDE4C00642146 /* AppDelegate.swift */ = {isa = PBXFileReference; lastKnownFileType = sourcecode.swift; path = AppDelegate.swift; sourceTree = "<group>"; };
		5C778DD91DACDE4C00642146 /* ViewController.swift */ = {isa = PBXFileReference; lastKnownFileType = sourcecode.swift; path = ViewController.swift; sourceTree = "<group>"; };
		5C778DDC1DACDE4C00642146 /* Base */ = {isa = PBXFileReference; lastKnownFileType = file.storyboard; name = Base; path = Base.lproj/Main.storyboard; sourceTree = "<group>"; };
		5C778DDE1DACDE4C00642146 /* Assets.xcassets */ = {isa = PBXFileReference; lastKnownFileType = folder.assetcatalog; path = Assets.xcassets; sourceTree = "<group>"; };
		5C778DE11DACDE4C00642146 /* Base */ = {isa = PBXFileReference; lastKnownFileType = file.storyboard; name = Base; path = Base.lproj/LaunchScreen.storyboard; sourceTree = "<group>"; };
		5C778DE31DACDE4C00642146 /* Info.plist */ = {isa = PBXFileReference; lastKnownFileType = text.plist.xml; path = Info.plist; sourceTree = "<group>"; };
		5CAFFCD21DACEAC7004502AA /* FunPrototypeTests.xctest */ = {isa = PBXFileReference; explicitFileType = wrapper.cfbundle; includeInIndex = 0; path = FunPrototypeTests.xctest; sourceTree = BUILT_PRODUCTS_DIR; };
		5CAFFCD41DACEAC7004502AA /* FunPrototypeTests.swift */ = {isa = PBXFileReference; lastKnownFileType = sourcecode.swift; path = FunPrototypeTests.swift; sourceTree = "<group>"; };
		5CAFFCD61DACEAC7004502AA /* Info.plist */ = {isa = PBXFileReference; lastKnownFileType = text.plist.xml; path = Info.plist; sourceTree = "<group>"; };
		5CAFFCDC1DACF620004502AA /* NetworkAPI.swift */ = {isa = PBXFileReference; fileEncoding = 4; lastKnownFileType = sourcecode.swift; path = NetworkAPI.swift; sourceTree = "<group>"; };
		5CAFFCDF1DACF9E0004502AA /* Alamofire.framework */ = {isa = PBXFileReference; lastKnownFileType = wrapper.framework; name = Alamofire.framework; path = "Pods/../build/Release-iphoneos/Alamofire/Alamofire.framework"; sourceTree = "<group>"; };
		5CAFFCE01DACF9E0004502AA /* Moya.framework */ = {isa = PBXFileReference; lastKnownFileType = wrapper.framework; name = Moya.framework; path = "Pods/../build/Release-iphoneos/Moya/Moya.framework"; sourceTree = "<group>"; };
		5CAFFCE11DACF9E0004502AA /* Result.framework */ = {isa = PBXFileReference; lastKnownFileType = wrapper.framework; name = Result.framework; path = "Pods/../build/Release-iphoneos/Result/Result.framework"; sourceTree = "<group>"; };
		8575CBC00D578C3586FA3A83 /* Pods_FunPrototype.framework */ = {isa = PBXFileReference; explicitFileType = wrapper.framework; includeInIndex = 0; path = Pods_FunPrototype.framework; sourceTree = BUILT_PRODUCTS_DIR; };
		A83B44C4FCB18C66486AD9FB /* Pods-FunPrototypeTests.release.xcconfig */ = {isa = PBXFileReference; includeInIndex = 1; lastKnownFileType = text.xcconfig; name = "Pods-FunPrototypeTests.release.xcconfig"; path = "Pods/Target Support Files/Pods-FunPrototypeTests/Pods-FunPrototypeTests.release.xcconfig"; sourceTree = "<group>"; };
		C709D027CBE50E488D884517 /* Pods_FunPrototypeTests.framework */ = {isa = PBXFileReference; explicitFileType = wrapper.framework; includeInIndex = 0; path = Pods_FunPrototypeTests.framework; sourceTree = BUILT_PRODUCTS_DIR; };
		C977309D963B285BE16E29F2 /* Pods_FunPrototype.framework */ = {isa = PBXFileReference; explicitFileType = wrapper.framework; includeInIndex = 0; path = Pods_FunPrototype.framework; sourceTree = BUILT_PRODUCTS_DIR; };
		DDF7807609893695F1422F9B /* Pods-FunPrototype.debug.xcconfig */ = {isa = PBXFileReference; includeInIndex = 1; lastKnownFileType = text.xcconfig; name = "Pods-FunPrototype.debug.xcconfig"; path = "Pods/Target Support Files/Pods-FunPrototype/Pods-FunPrototype.debug.xcconfig"; sourceTree = "<group>"; };
		EBF246F6F48E528A45CC1E13 /* Pods-FunPrototype.release.xcconfig */ = {isa = PBXFileReference; includeInIndex = 1; lastKnownFileType = text.xcconfig; name = "Pods-FunPrototype.release.xcconfig"; path = "Pods/Target Support Files/Pods-FunPrototype/Pods-FunPrototype.release.xcconfig"; sourceTree = "<group>"; };
/* End PBXFileReference section */

/* Begin PBXFrameworksBuildPhase section */
		5C778DD11DACDE4C00642146 /* Frameworks */ = {
			isa = PBXFrameworksBuildPhase;
			buildActionMask = 2147483647;
			files = (
				B4131F49CD6CCE6F0A194198 /* Pods_FunPrototype.framework in Frameworks */,
				50AB975AD4E5F40DED68642C /* Pods_FunPrototype.framework in Frameworks */,
			);
			runOnlyForDeploymentPostprocessing = 0;
		};
		5CAFFCCF1DACEAC7004502AA /* Frameworks */ = {
			isa = PBXFrameworksBuildPhase;
			buildActionMask = 2147483647;
			files = (
				5C3EDC6F1DAE3DA900986F3F /* Pods_FunPrototype.framework in Frameworks */,
				7EF9076BE6F6B0E935B11457 /* Pods_FunPrototypeTests.framework in Frameworks */,
			);
			runOnlyForDeploymentPostprocessing = 0;
		};
/* End PBXFrameworksBuildPhase section */

/* Begin PBXGroup section */
		1441C08BC77B1F4439AF14D1 /* Pods */ = {
			isa = PBXGroup;
			children = (
				C77D505871B50B778C84737A /* Frameworks */,
				DDF7807609893695F1422F9B /* Pods-FunPrototype.debug.xcconfig */,
				EBF246F6F48E528A45CC1E13 /* Pods-FunPrototype.release.xcconfig */,
				0CF5CA79AFF6FF956F7975B4 /* Pods-FunPrototypeTests.debug.xcconfig */,
				A83B44C4FCB18C66486AD9FB /* Pods-FunPrototypeTests.release.xcconfig */,
			);
			name = Pods;
			sourceTree = "<group>";
		};
		5C778DCB1DACDE4C00642146 = {
			isa = PBXGroup;
			children = (
				5C778DD61DACDE4C00642146 /* FunPrototype */,
				5CAFFCD31DACEAC7004502AA /* FunPrototypeTests */,
				5C778DD51DACDE4C00642146 /* Products */,
				1441C08BC77B1F4439AF14D1 /* Pods */,
				5CAFFCDE1DACF9E0004502AA /* Frameworks */,
			);
			sourceTree = "<group>";
		};
		5C778DD51DACDE4C00642146 /* Products */ = {
			isa = PBXGroup;
			children = (
				5C778DD41DACDE4C00642146 /* FunPrototype.app */,
				5CAFFCD21DACEAC7004502AA /* FunPrototypeTests.xctest */,
			);
			name = Products;
			sourceTree = "<group>";
		};
		5C778DD61DACDE4C00642146 /* FunPrototype */ = {
			isa = PBXGroup;
			children = (
				5C778DD71DACDE4C00642146 /* AppDelegate.swift */,
				5C778DD91DACDE4C00642146 /* ViewController.swift */,
				5C778DDB1DACDE4C00642146 /* Main.storyboard */,
				5C778DDE1DACDE4C00642146 /* Assets.xcassets */,
				5C778DE01DACDE4C00642146 /* LaunchScreen.storyboard */,
				5C778DE31DACDE4C00642146 /* Info.plist */,
				5CAFFCDC1DACF620004502AA /* NetworkAPI.swift */,
			);
			path = FunPrototype;
			sourceTree = "<group>";
		};
		5CAFFCD31DACEAC7004502AA /* FunPrototypeTests */ = {
			isa = PBXGroup;
			children = (
				5CAFFCD41DACEAC7004502AA /* FunPrototypeTests.swift */,
				5CAFFCD61DACEAC7004502AA /* Info.plist */,
			);
			path = FunPrototypeTests;
			sourceTree = "<group>";
		};
		5CAFFCDE1DACF9E0004502AA /* Frameworks */ = {
			isa = PBXGroup;
			children = (
				5C3EDC6E1DAE3DA900986F3F /* Pods_FunPrototype.framework */,
				5CAFFCDF1DACF9E0004502AA /* Alamofire.framework */,
				5CAFFCE01DACF9E0004502AA /* Moya.framework */,
				5CAFFCE11DACF9E0004502AA /* Result.framework */,
				8575CBC00D578C3586FA3A83 /* Pods_FunPrototype.framework */,
				C709D027CBE50E488D884517 /* Pods_FunPrototypeTests.framework */,
			);
			name = Frameworks;
			sourceTree = "<group>";
		};
		C77D505871B50B778C84737A /* Frameworks */ = {
			isa = PBXGroup;
			children = (
				C977309D963B285BE16E29F2 /* Pods_FunPrototype.framework */,
			);
			name = Frameworks;
			sourceTree = "<group>";
		};
/* End PBXGroup section */

/* Begin PBXNativeTarget section */
		5C778DD31DACDE4C00642146 /* FunPrototype */ = {
			isa = PBXNativeTarget;
			buildConfigurationList = 5C778DE61DACDE4C00642146 /* Build configuration list for PBXNativeTarget "FunPrototype" */;
			buildPhases = (
				3E94F0EA5239CC3746251649 /* [CP] Check Pods Manifest.lock */,
				5C778DD01DACDE4C00642146 /* Sources */,
				5C778DD11DACDE4C00642146 /* Frameworks */,
				5C778DD21DACDE4C00642146 /* Resources */,
				FADA0793069ECF3FF45B59FC /* [CP] Embed Pods Frameworks */,
				CD064E14BE207727E29C209C /* [CP] Copy Pods Resources */,
			);
			buildRules = (
			);
			dependencies = (
			);
			name = FunPrototype;
			productName = FunPrototype;
			productReference = 5C778DD41DACDE4C00642146 /* FunPrototype.app */;
			productType = "com.apple.product-type.application";
		};
		5CAFFCD11DACEAC7004502AA /* FunPrototypeTests */ = {
			isa = PBXNativeTarget;
			buildConfigurationList = 5CAFFCDB1DACEAC7004502AA /* Build configuration list for PBXNativeTarget "FunPrototypeTests" */;
			buildPhases = (
				5766B73F29C1CAB9CECA3E12 /* [CP] Check Pods Manifest.lock */,
				5CAFFCCE1DACEAC7004502AA /* Sources */,
				5CAFFCCF1DACEAC7004502AA /* Frameworks */,
				5CAFFCD01DACEAC7004502AA /* Resources */,
				8DAE4E5744571F3EFA61ABF0 /* [CP] Embed Pods Frameworks */,
				C3CEA4925DD69A7FE8D6225E /* [CP] Copy Pods Resources */,
			);
			buildRules = (
			);
			dependencies = (
				5CAFFCD81DACEAC7004502AA /* PBXTargetDependency */,
			);
			name = FunPrototypeTests;
			productName = FunPrototypeTests;
			productReference = 5CAFFCD21DACEAC7004502AA /* FunPrototypeTests.xctest */;
			productType = "com.apple.product-type.bundle.unit-test";
		};
/* End PBXNativeTarget section */

/* Begin PBXProject section */
		5C778DCC1DACDE4C00642146 /* Project object */ = {
			isa = PBXProject;
			attributes = {
				LastSwiftUpdateCheck = 0800;
				LastUpgradeCheck = 0800;
				ORGANIZATIONNAME = settrade;
				TargetAttributes = {
					5C778DD31DACDE4C00642146 = {
						CreatedOnToolsVersion = 8.0;
						LastSwiftMigration = 0800;
						ProvisioningStyle = Automatic;
					};
					5CAFFCD11DACEAC7004502AA = {
						CreatedOnToolsVersion = 8.0;
						ProvisioningStyle = Automatic;
						TestTargetID = 5C778DD31DACDE4C00642146;
					};
				};
			};
			buildConfigurationList = 5C778DCF1DACDE4C00642146 /* Build configuration list for PBXProject "FunPrototype" */;
			compatibilityVersion = "Xcode 3.2";
			developmentRegion = English;
			hasScannedForEncodings = 0;
			knownRegions = (
				en,
				Base,
			);
			mainGroup = 5C778DCB1DACDE4C00642146;
			productRefGroup = 5C778DD51DACDE4C00642146 /* Products */;
			projectDirPath = "";
			projectRoot = "";
			targets = (
				5C778DD31DACDE4C00642146 /* FunPrototype */,
				5CAFFCD11DACEAC7004502AA /* FunPrototypeTests */,
			);
		};
/* End PBXProject section */

/* Begin PBXResourcesBuildPhase section */
		5C778DD21DACDE4C00642146 /* Resources */ = {
			isa = PBXResourcesBuildPhase;
			buildActionMask = 2147483647;
			files = (
				5C778DE21DACDE4C00642146 /* LaunchScreen.storyboard in Resources */,
				5C778DDF1DACDE4C00642146 /* Assets.xcassets in Resources */,
				5C778DDD1DACDE4C00642146 /* Main.storyboard in Resources */,
			);
			runOnlyForDeploymentPostprocessing = 0;
		};
		5CAFFCD01DACEAC7004502AA /* Resources */ = {
			isa = PBXResourcesBuildPhase;
			buildActionMask = 2147483647;
			files = (
			);
			runOnlyForDeploymentPostprocessing = 0;
		};
/* End PBXResourcesBuildPhase section */

/* Begin PBXShellScriptBuildPhase section */
		3E94F0EA5239CC3746251649 /* [CP] Check Pods Manifest.lock */ = {
			isa = PBXShellScriptBuildPhase;
			buildActionMask = 2147483647;
			files = (
			);
			inputPaths = (
			);
			name = "[CP] Check Pods Manifest.lock";
			outputPaths = (
			);
			runOnlyForDeploymentPostprocessing = 0;
			shellPath = /bin/sh;
			shellScript = "diff \"${PODS_ROOT}/../Podfile.lock\" \"${PODS_ROOT}/Manifest.lock\" > /dev/null\nif [ $? != 0 ] ; then\n    # print error to STDERR\n    echo \"error: The sandbox is not in sync with the Podfile.lock. Run 'pod install' or update your CocoaPods installation.\" >&2\n    exit 1\nfi\n";
			showEnvVarsInLog = 0;
		};
		5766B73F29C1CAB9CECA3E12 /* [CP] Check Pods Manifest.lock */ = {
			isa = PBXShellScriptBuildPhase;
			buildActionMask = 2147483647;
			files = (
			);
			inputPaths = (
			);
			name = "[CP] Check Pods Manifest.lock";
			outputPaths = (
			);
			runOnlyForDeploymentPostprocessing = 0;
			shellPath = /bin/sh;
			shellScript = "diff \"${PODS_ROOT}/../Podfile.lock\" \"${PODS_ROOT}/Manifest.lock\" > /dev/null\nif [ $? != 0 ] ; then\n    # print error to STDERR\n    echo \"error: The sandbox is not in sync with the Podfile.lock. Run 'pod install' or update your CocoaPods installation.\" >&2\n    exit 1\nfi\n";
			showEnvVarsInLog = 0;
		};
		8DAE4E5744571F3EFA61ABF0 /* [CP] Embed Pods Frameworks */ = {
			isa = PBXShellScriptBuildPhase;
			buildActionMask = 2147483647;
			files = (
			);
			inputPaths = (
			);
			name = "[CP] Embed Pods Frameworks";
			outputPaths = (
			);
			runOnlyForDeploymentPostprocessing = 0;
			shellPath = /bin/sh;
			shellScript = "\"${SRCROOT}/Pods/Target Support Files/Pods-FunPrototypeTests/Pods-FunPrototypeTests-frameworks.sh\"\n";
			showEnvVarsInLog = 0;
		};
		C3CEA4925DD69A7FE8D6225E /* [CP] Copy Pods Resources */ = {
			isa = PBXShellScriptBuildPhase;
			buildActionMask = 2147483647;
			files = (
			);
			inputPaths = (
			);
			name = "[CP] Copy Pods Resources";
			outputPaths = (
			);
			runOnlyForDeploymentPostprocessing = 0;
			shellPath = /bin/sh;
			shellScript = "\"${SRCROOT}/Pods/Target Support Files/Pods-FunPrototypeTests/Pods-FunPrototypeTests-resources.sh\"\n";
			showEnvVarsInLog = 0;
		};
		CD064E14BE207727E29C209C /* [CP] Copy Pods Resources */ = {
			isa = PBXShellScriptBuildPhase;
			buildActionMask = 2147483647;
			files = (
			);
			inputPaths = (
			);
			name = "[CP] Copy Pods Resources";
			outputPaths = (
			);
			runOnlyForDeploymentPostprocessing = 0;
			shellPath = /bin/sh;
			shellScript = "\"${SRCROOT}/Pods/Target Support Files/Pods-FunPrototype/Pods-FunPrototype-resources.sh\"\n";
			showEnvVarsInLog = 0;
		};
		FADA0793069ECF3FF45B59FC /* [CP] Embed Pods Frameworks */ = {
			isa = PBXShellScriptBuildPhase;
			buildActionMask = 2147483647;
			files = (
			);
			inputPaths = (
			);
			name = "[CP] Embed Pods Frameworks";
			outputPaths = (
			);
			runOnlyForDeploymentPostprocessing = 0;
			shellPath = /bin/sh;
			shellScript = "\"${SRCROOT}/Pods/Target Support Files/Pods-FunPrototype/Pods-FunPrototype-frameworks.sh\"\n";
			showEnvVarsInLog = 0;
		};
/* End PBXShellScriptBuildPhase section */

/* Begin PBXSourcesBuildPhase section */
		5C778DD01DACDE4C00642146 /* Sources */ = {
			isa = PBXSourcesBuildPhase;
			buildActionMask = 2147483647;
			files = (
				5C778DDA1DACDE4C00642146 /* ViewController.swift in Sources */,
				5C778DD81DACDE4C00642146 /* AppDelegate.swift in Sources */,
				5CAFFCDD1DACF620004502AA /* NetworkAPI.swift in Sources */,
			);
			runOnlyForDeploymentPostprocessing = 0;
		};
		5CAFFCCE1DACEAC7004502AA /* Sources */ = {
			isa = PBXSourcesBuildPhase;
			buildActionMask = 2147483647;
			files = (
				5CAFFCD51DACEAC7004502AA /* FunPrototypeTests.swift in Sources */,
			);
			runOnlyForDeploymentPostprocessing = 0;
		};
/* End PBXSourcesBuildPhase section */

/* Begin PBXTargetDependency section */
		5CAFFCD81DACEAC7004502AA /* PBXTargetDependency */ = {
			isa = PBXTargetDependency;
			target = 5C778DD31DACDE4C00642146 /* FunPrototype */;
			targetProxy = 5CAFFCD71DACEAC7004502AA /* PBXContainerItemProxy */;
		};
/* End PBXTargetDependency section */

/* Begin PBXVariantGroup section */
		5C778DDB1DACDE4C00642146 /* Main.storyboard */ = {
			isa = PBXVariantGroup;
			children = (
				5C778DDC1DACDE4C00642146 /* Base */,
			);
			name = Main.storyboard;
			sourceTree = "<group>";
		};
		5C778DE01DACDE4C00642146 /* LaunchScreen.storyboard */ = {
			isa = PBXVariantGroup;
			children = (
				5C778DE11DACDE4C00642146 /* Base */,
			);
			name = LaunchScreen.storyboard;
			sourceTree = "<group>";
		};
/* End PBXVariantGroup section */

/* Begin XCBuildConfiguration section */
		5C778DE41DACDE4C00642146 /* Debug */ = {
			isa = XCBuildConfiguration;
			buildSettings = {
				ALWAYS_SEARCH_USER_PATHS = NO;
				CLANG_ANALYZER_NONNULL = YES;
				CLANG_CXX_LANGUAGE_STANDARD = "gnu++0x";
				CLANG_CXX_LIBRARY = "libc++";
				CLANG_ENABLE_MODULES = YES;
				CLANG_ENABLE_OBJC_ARC = YES;
				CLANG_WARN_BOOL_CONVERSION = YES;
				CLANG_WARN_CONSTANT_CONVERSION = YES;
				CLANG_WARN_DIRECT_OBJC_ISA_USAGE = YES_ERROR;
				CLANG_WARN_DOCUMENTATION_COMMENTS = YES;
				CLANG_WARN_EMPTY_BODY = YES;
				CLANG_WARN_ENUM_CONVERSION = YES;
				CLANG_WARN_INFINITE_RECURSION = YES;
				CLANG_WARN_INT_CONVERSION = YES;
				CLANG_WARN_OBJC_ROOT_CLASS = YES_ERROR;
				CLANG_WARN_SUSPICIOUS_MOVES = YES;
				CLANG_WARN_UNREACHABLE_CODE = YES;
				CLANG_WARN__DUPLICATE_METHOD_MATCH = YES;
				"CODE_SIGN_IDENTITY[sdk=iphoneos*]" = "iPhone Developer";
				COPY_PHASE_STRIP = NO;
				DEBUG_INFORMATION_FORMAT = dwarf;
				ENABLE_STRICT_OBJC_MSGSEND = YES;
				ENABLE_TESTABILITY = YES;
				GCC_C_LANGUAGE_STANDARD = gnu99;
				GCC_DYNAMIC_NO_PIC = NO;
				GCC_NO_COMMON_BLOCKS = YES;
				GCC_OPTIMIZATION_LEVEL = 0;
				GCC_PREPROCESSOR_DEFINITIONS = (
					"DEBUG=1",
					"$(inherited)",
				);
				GCC_WARN_64_TO_32_BIT_CONVERSION = YES;
				GCC_WARN_ABOUT_RETURN_TYPE = YES_ERROR;
				GCC_WARN_UNDECLARED_SELECTOR = YES;
				GCC_WARN_UNINITIALIZED_AUTOS = YES_AGGRESSIVE;
				GCC_WARN_UNUSED_FUNCTION = YES;
				GCC_WARN_UNUSED_VARIABLE = YES;
				IPHONEOS_DEPLOYMENT_TARGET = 10.0;
				MTL_ENABLE_DEBUG_INFO = YES;
				ONLY_ACTIVE_ARCH = YES;
				SDKROOT = iphoneos;
				SWIFT_ACTIVE_COMPILATION_CONDITIONS = DEBUG;
				SWIFT_OPTIMIZATION_LEVEL = "-Onone";
				TARGETED_DEVICE_FAMILY = "1,2";
			};
			name = Debug;
		};
		5C778DE51DACDE4C00642146 /* Release */ = {
			isa = XCBuildConfiguration;
			buildSettings = {
				ALWAYS_SEARCH_USER_PATHS = NO;
				CLANG_ANALYZER_NONNULL = YES;
				CLANG_CXX_LANGUAGE_STANDARD = "gnu++0x";
				CLANG_CXX_LIBRARY = "libc++";
				CLANG_ENABLE_MODULES = YES;
				CLANG_ENABLE_OBJC_ARC = YES;
				CLANG_WARN_BOOL_CONVERSION = YES;
				CLANG_WARN_CONSTANT_CONVERSION = YES;
				CLANG_WARN_DIRECT_OBJC_ISA_USAGE = YES_ERROR;
				CLANG_WARN_DOCUMENTATION_COMMENTS = YES;
				CLANG_WARN_EMPTY_BODY = YES;
				CLANG_WARN_ENUM_CONVERSION = YES;
				CLANG_WARN_INFINITE_RECURSION = YES;
				CLANG_WARN_INT_CONVERSION = YES;
				CLANG_WARN_OBJC_ROOT_CLASS = YES_ERROR;
				CLANG_WARN_SUSPICIOUS_MOVES = YES;
				CLANG_WARN_UNREACHABLE_CODE = YES;
				CLANG_WARN__DUPLICATE_METHOD_MATCH = YES;
				"CODE_SIGN_IDENTITY[sdk=iphoneos*]" = "iPhone Developer";
				COPY_PHASE_STRIP = NO;
				DEBUG_INFORMATION_FORMAT = "dwarf-with-dsym";
				ENABLE_NS_ASSERTIONS = NO;
				ENABLE_STRICT_OBJC_MSGSEND = YES;
				GCC_C_LANGUAGE_STANDARD = gnu99;
				GCC_NO_COMMON_BLOCKS = YES;
				GCC_WARN_64_TO_32_BIT_CONVERSION = YES;
				GCC_WARN_ABOUT_RETURN_TYPE = YES_ERROR;
				GCC_WARN_UNDECLARED_SELECTOR = YES;
				GCC_WARN_UNINITIALIZED_AUTOS = YES_AGGRESSIVE;
				GCC_WARN_UNUSED_FUNCTION = YES;
				GCC_WARN_UNUSED_VARIABLE = YES;
				IPHONEOS_DEPLOYMENT_TARGET = 10.0;
				MTL_ENABLE_DEBUG_INFO = NO;
				SDKROOT = iphoneos;
				SWIFT_OPTIMIZATION_LEVEL = "-Owholemodule";
				TARGETED_DEVICE_FAMILY = "1,2";
				VALIDATE_PRODUCT = YES;
			};
			name = Release;
		};
		5C778DE71DACDE4C00642146 /* Debug */ = {
			isa = XCBuildConfiguration;
			baseConfigurationReference = DDF7807609893695F1422F9B /* Pods-FunPrototype.debug.xcconfig */;
			buildSettings = {
				ASSETCATALOG_COMPILER_APPICON_NAME = AppIcon;
				FRAMEWORK_SEARCH_PATHS = (
					"$(inherited)",
					"$(PROJECT_DIR)/build/Release-iphoneos/Alamofire",
					"$(PROJECT_DIR)/build/Release-iphoneos/Moya",
					"$(PROJECT_DIR)/build/Release-iphoneos/Result",
				);
				INFOPLIST_FILE = FunPrototype/Info.plist;
				LD_RUNPATH_SEARCH_PATHS = "$(inherited) @executable_path/Frameworks";
				PRODUCT_BUNDLE_IDENTIFIER = com.settrade.FunPrototype;
				PRODUCT_NAME = "$(TARGET_NAME)";
				SWIFT_VERSION = 3.0;
			};
			name = Debug;
		};
		5C778DE81DACDE4C00642146 /* Release */ = {
			isa = XCBuildConfiguration;
			baseConfigurationReference = EBF246F6F48E528A45CC1E13 /* Pods-FunPrototype.release.xcconfig */;
			buildSettings = {
				ASSETCATALOG_COMPILER_APPICON_NAME = AppIcon;
				FRAMEWORK_SEARCH_PATHS = (
					"$(inherited)",
					"$(PROJECT_DIR)/build/Release-iphoneos/Alamofire",
					"$(PROJECT_DIR)/build/Release-iphoneos/Moya",
					"$(PROJECT_DIR)/build/Release-iphoneos/Result",
				);
				INFOPLIST_FILE = FunPrototype/Info.plist;
				LD_RUNPATH_SEARCH_PATHS = "$(inherited) @executable_path/Frameworks";
				PRODUCT_BUNDLE_IDENTIFIER = com.settrade.FunPrototype;
				PRODUCT_NAME = "$(TARGET_NAME)";
				SWIFT_VERSION = 3.0;
			};
			name = Release;
		};
		5CAFFCD91DACEAC7004502AA /* Debug */ = {
			isa = XCBuildConfiguration;
			baseConfigurationReference = 0CF5CA79AFF6FF956F7975B4 /* Pods-FunPrototypeTests.debug.xcconfig */;
			buildSettings = {
				BUNDLE_LOADER = "$(TEST_HOST)";
				INFOPLIST_FILE = FunPrototypeTests/Info.plist;
				LD_RUNPATH_SEARCH_PATHS = "$(inherited) @executable_path/Frameworks @loader_path/Frameworks";
				PRODUCT_BUNDLE_IDENTIFIER = com.settrade.FunPrototypeTests;
				PRODUCT_NAME = "$(TARGET_NAME)";
				SWIFT_VERSION = 3.0;
				TEST_HOST = "$(BUILT_PRODUCTS_DIR)/FunPrototype.app/FunPrototype";
			};
			name = Debug;
		};
		5CAFFCDA1DACEAC7004502AA /* Release */ = {
			isa = XCBuildConfiguration;
			baseConfigurationReference = A83B44C4FCB18C66486AD9FB /* Pods-FunPrototypeTests.release.xcconfig */;
			buildSettings = {
				BUNDLE_LOADER = "$(TEST_HOST)";
				INFOPLIST_FILE = FunPrototypeTests/Info.plist;
				LD_RUNPATH_SEARCH_PATHS = "$(inherited) @executable_path/Frameworks @loader_path/Frameworks";
				PRODUCT_BUNDLE_IDENTIFIER = com.settrade.FunPrototypeTests;
				PRODUCT_NAME = "$(TARGET_NAME)";
				SWIFT_VERSION = 3.0;
				TEST_HOST = "$(BUILT_PRODUCTS_DIR)/FunPrototype.app/FunPrototype";
			};
			name = Release;
		};
/* End XCBuildConfiguration section */

/* Begin XCConfigurationList section */
		5C778DCF1DACDE4C00642146 /* Build configuration list for PBXProject "FunPrototype" */ = {
			isa = XCConfigurationList;
			buildConfigurations = (
				5C778DE41DACDE4C00642146 /* Debug */,
				5C778DE51DACDE4C00642146 /* Release */,
			);
			defaultConfigurationIsVisible = 0;
			defaultConfigurationName = Release;
		};
		5C778DE61DACDE4C00642146 /* Build configuration list for PBXNativeTarget "FunPrototype" */ = {
			isa = XCConfigurationList;
			buildConfigurations = (
				5C778DE71DACDE4C00642146 /* Debug */,
				5C778DE81DACDE4C00642146 /* Release */,
			);
			defaultConfigurationIsVisible = 0;
			defaultConfigurationName = Release;
		};
		5CAFFCDB1DACEAC7004502AA /* Build configuration list for PBXNativeTarget "FunPrototypeTests" */ = {
			isa = XCConfigurationList;
			buildConfigurations = (
				5CAFFCD91DACEAC7004502AA /* Debug */,
				5CAFFCDA1DACEAC7004502AA /* Release */,
			);
			defaultConfigurationIsVisible = 0;
			defaultConfigurationName = Release;
		};
/* End XCConfigurationList section */
	};
	rootObject = 5C778DCC1DACDE4C00642146 /* Project object */;
}
